
Microsoft Visual Studio Solution File, Format Version 12.00
# Visual Studio Version 16
VisualStudioVersion = 16.0.31112.23
MinimumVisualStudioVersion = 10.0.40219.1
Project("{FAE04EC0-301F-11D3-BF4B-00C04F79EFBC}") = "NJCSC.App.Service.poc.api", "NJCSC.App.Service.poc.api\NJCSC.App.Service.poc.api.csproj", "{4026E860-72A5-440A-9A78-DF3A95626DD5}"
EndProject
Project("{FAE04EC0-301F-11D3-BF4B-00C04F79EFBC}") = "NJCSC.App.Repository.poc", "NJCSC.App.Repository.poc\NJCSC.App.Repository.poc.csproj", "{7462BA23-4BB4-41EE-B7DD-369B04A99434}"
EndProject
Global
	GlobalSection(SolutionConfigurationPlatforms) = preSolution
		Debug|Any CPU = Debug|Any CPU
		Release|Any CPU = Release|Any CPU
	EndGlobalSection
	GlobalSection(ProjectConfigurationPlatforms) = postSolution
		{4026E860-72A5-440A-9A78-DF3A95626DD5}.Debug|Any CPU.ActiveCfg = Debug|Any CPU
		{4026E860-72A5-440A-9A78-DF3A95626DD5}.Debug|Any CPU.Build.0 = Debug|Any CPU
		{4026E860-72A5-440A-9A78-DF3A95626DD5}.Release|Any CPU.ActiveCfg = Release|Any CPU
		{4026E860-72A5-440A-9A78-DF3A95626DD5}.Release|Any CPU.Build.0 = Release|Any CPU
		{7462BA23-4BB4-41EE-B7DD-369B04A99434}.Debug|Any CPU.ActiveCfg = Debug|Any CPU
		{7462BA23-4BB4-41EE-B7DD-369B04A99434}.Debug|Any CPU.Build.0 = Debug|Any CPU
		{7462BA23-4BB4-41EE-B7DD-369B04A99434}.Release|Any CPU.ActiveCfg = Release|Any CPU
		{7462BA23-4BB4-41EE-B7DD-369B04A99434}.Release|Any CPU.Build.0 = Release|Any CPU
	EndGlobalSection
	GlobalSection(SolutionProperties) = preSolution
		HideSolutionNode = FALSE
	EndGlobalSection
	GlobalSection(ExtensibilityGlobals) = postSolution
		SolutionGuid = {A7409DE6-C14F-4776-B3BB-D868EC23C6C5}
	EndGlobalSection
EndGlobal
